Microsoft Visual Studio Solution File, Format Version 12.00
# Visual Studio 15
VisualStudioVersion = 15.0.28307.271
MinimumVisualStudioVersion = 10.0.40219.1
Project("{FAE04EC0-301F-11D3-BF4B-00C04F79EFBC}") = "nunit2xunit", "nunit2xunit.csproj", "{83DD8297-FA44-4B91-8C75-4BA1B16B4B4C}"
EndProject
Global
	GlobalSection(SolutionConfigurationPlatforms) = preSolution
		Debug|Any CPU = Debug|Any CPU
		Release|Any CPU = Release|Any CPU
	EndGlobalSection
	GlobalSection(ProjectConfigurationPlatforms) = postSolution
		{83DD8297-FA44-4B91-8C75-4BA1B16B4B4C}.Debug|Any CPU.ActiveCfg = Debug|Any CPU
		{83DD8297-FA44-4B91-8C75-4BA1B16B4B4C}.Debug|Any CPU.Build.0 = Debug|Any CPU
		{83DD8297-FA44-4B91-8C75-4BA1B16B4B4C}.Release|Any CPU.ActiveCfg = Release|Any CPU
		{83DD8297-FA44-4B91-8C75-4BA1B16B4B4C}.Release|Any CPU.Build.0 = Release|Any CPU
	EndGlobalSection
	GlobalSection(SolutionProperties) = preSolution
		HideSolutionNode = FALSE
	EndGlobalSection
	GlobalSection(ExtensibilityGlobals) = postSolution
		SolutionGuid = {5143C66F-EC1B-452A-9FA3-FF84874B9C74}
	EndGlobalSection
EndGlobal
